<?xml version="1.0" encoding="utf-8"?>
<Project ToolsVersion="4.0" xmlns="http://schemas.microsoft.com/developer/msbuild/2003">
  <ItemGroup>
    <Filter Include="Source Files">
      <UniqueIdentifier>{5c54431e-c820-4b9f-8421-bde52046cd4e}</UniqueIdentifier>
      <Extensions>cpp;c;cxx;rc;def;r;odl;idl;hpj;bat</Extensions>
    </Filter>
    <Filter Include="Header Files">
      <UniqueIdentifier>{85fe7585-4ff0-4a60-ae6e-c2d875883976}</UniqueIdentifier>
      <Extensions>h;hpp;hxx;hm;inl</Extensions>
    </Filter>
    <Filter Include="Source Files\Kernel">
      <UniqueIdentifier>{bdfbbbc1-78bf-41ea-9335-796de47f1f92}</UniqueIdentifier>
    </Filter>
    <Filter Include="Source Files\Graphic">
      <UniqueIdentifier>{a82e21dc-0cac-4ecb-9921-63e87f0c808b}</UniqueIdentifier>
    </Filter>
  </ItemGroup>
  <ItemGroup>
    <ClInclude Include="..\..\inc\TinyGrpX.h">
      <Filter>Header Files</Filter>
    </ClInclude>
    <ClInclude Include="..\..\inc\TinyGrpX_CFG.h">
      <Filter>Header Files</Filter>
    </ClInclude>
  </ItemGroup>
  <ItemGroup>
    <ClCompile Include="..\..\src\kernel\Canvas.c">
      <Filter>Source Files\Kernel</Filter>
    </ClCompile>
    <ClCompile Include="..\..\src\kernel\G_kernel.c">
      <Filter>Source Files\Kernel</Filter>
    </ClCompile>
    <ClCompile Include="..\..\src\Graphic\CLRSCR.c">
      <Filter>Source Files\Graphic</Filter>
    </ClCompile>
    <ClCompile Include="..\..\src\Graphic\GETPIXEL.c">
      <Filter>Source Files\Graphic</Filter>
    </ClCompile>
    <ClCompile Include="..\..\src\Graphic\LINE_H.c">
      <Filter>Source Files\Graphic</Filter>
    </ClCompile>
    <ClCompile Include="..\..\src\Graphic\LINE_V.c">
      <Filter>Source Files\Graphic</Filter>
    </ClCompile>
    <ClCompile Include="..\..\src\Graphic\PUTPIXEL.c">
      <Filter>Source Files\Graphic</Filter>
    </ClCompile>
    <ClCompile Include="..\..\src\Graphic\RECT.c">
      <Filter>Source Files\Graphic</Filter>
    </ClCompile>
    <ClCompile Include="..\..\src\Graphic\RECT_F.c">
      <Filter>Source Files\Graphic</Filter>
    </ClCompile>
  </ItemGroup>
</Project>