<?xml version="1.0" encoding="utf-8"?>
<Project ToolsVersion="4.0" xmlns="http://schemas.microsoft.com/developer/msbuild/2003">
  <ItemGroup>
    <Filter Include="Source Files">
      <UniqueIdentifier>{85a45c01-38c2-410e-8a52-a0444e785a13}</UniqueIdentifier>
      <Extensions>cpp;c;cxx;rc;def;r;odl;idl;hpj;bat</Extensions>
    </Filter>
    <Filter Include="Header Files">
      <UniqueIdentifier>{261d4ecd-965e-43cc-a9f4-7c3c4930a6d5}</UniqueIdentifier>
      <Extensions>h;hpp;hxx;hm;inl</Extensions>
    </Filter>
  </ItemGroup>
  <ItemGroup>
    <ClCompile Include="..\..\src\A_DAlloc.c">
      <Filter>Source Files</Filter>
    </ClCompile>
    <ClCompile Include="..\..\src\A_LIST.C">
      <Filter>Source Files</Filter>
    </ClCompile>
    <ClCompile Include="..\..\src\A_QUEUE.C">
      <Filter>Source Files</Filter>
    </ClCompile>
    <ClCompile Include="..\..\src\A_RNGBUF.c">
      <Filter>Source Files</Filter>
    </ClCompile>
    <ClCompile Include="..\..\src\NodeSort.c">
      <Filter>Source Files</Filter>
    </ClCompile>
    <ClCompile Include="..\..\src\A_Str.c">
      <Filter>Source Files</Filter>
    </ClCompile>
  </ItemGroup>
  <ItemGroup>
    <ClInclude Include="..\..\inc\A_LIST.H">
      <Filter>Source Files</Filter>
    </ClInclude>
    <ClInclude Include="..\..\inc\A_UTIL.h">
      <Filter>Header Files</Filter>
    </ClInclude>
    <ClInclude Include="..\..\inc\A_Str.h">
      <Filter>Header Files</Filter>
    </ClInclude>
    <ClInclude Include="..\..\inc\A_DAlloc.h">
      <Filter>Header Files</Filter>
    </ClInclude>
    <ClInclude Include="..\..\inc\A_QUEUE.H">
      <Filter>Header Files</Filter>
    </ClInclude>
    <ClInclude Include="..\..\inc\A_RNGBUF.h">
      <Filter>Header Files</Filter>
    </ClInclude>
    <ClInclude Include="..\..\inc\NodeSort.h">
      <Filter>Header Files</Filter>
    </ClInclude>
  </ItemGroup>
  <ItemGroup>
    <None Include="..\..\src\_vsnprintf.inl">
      <Filter>Source Files</Filter>
    </None>
    <None Include="..\..\src\_vsnscanf.inl">
      <Filter>Source Files</Filter>
    </None>
  </ItemGroup>
</Project>