<?xml version="1.0" encoding="utf-8"?>
<Project ToolsVersion="4.0" xmlns="http://schemas.microsoft.com/developer/msbuild/2003">
  <ItemGroup>
    <Filter Include="Source Files">
      <UniqueIdentifier>{5c54431e-c820-4b9f-8421-bde52046cd4d}</UniqueIdentifier>
      <Extensions>cpp;c;cxx;rc;def;r;odl;idl;hpj;bat</Extensions>
    </Filter>
    <Filter Include="Header Files">
      <UniqueIdentifier>{85fe7585-4ff0-4a60-ae6e-c2d875883975}</UniqueIdentifier>
      <Extensions>h;hpp;hxx;hm;inl</Extensions>
    </Filter>
    <Filter Include="Source Files\Bitmap">
      <UniqueIdentifier>{9a4edede-21ee-4c42-b184-9dbe2e5375da}</UniqueIdentifier>
    </Filter>
    <Filter Include="Source Files\Kernel">
      <UniqueIdentifier>{bdfbbbc1-78bf-41ea-9335-796de47f1f91}</UniqueIdentifier>
    </Filter>
    <Filter Include="Source Files\Graphic">
      <UniqueIdentifier>{a82e21dc-0cac-4ecb-9921-63e87f0c808a}</UniqueIdentifier>
    </Filter>
    <Filter Include="Source Files\Graphic2">
      <UniqueIdentifier>{f0a02460-00ab-44c2-99db-41ef7e71b882}</UniqueIdentifier>
    </Filter>
    <Filter Include="Source Files\Text">
      <UniqueIdentifier>{09ac3ac4-e053-44cb-aafc-e1424fb21dd7}</UniqueIdentifier>
    </Filter>
  </ItemGroup>
  <ItemGroup>
    <ClInclude Include="..\..\src\Bitmap\_IMG_func.h">
      <Filter>Source Files\Bitmap</Filter>
    </ClInclude>
    <ClInclude Include="..\..\src\Graphic\_AA_func.h">
      <Filter>Source Files\Graphic</Filter>
    </ClInclude>
    <ClInclude Include="..\..\src\Graphic\_AB_int.h">
      <Filter>Source Files\Graphic</Filter>
    </ClInclude>
    <ClInclude Include="..\..\src\Graphic\_AB_table.h">
      <Filter>Source Files\Graphic</Filter>
    </ClInclude>
    <ClInclude Include="..\..\src\Graphic\_ClipPoly_func.h">
      <Filter>Source Files\Graphic</Filter>
    </ClInclude>
    <ClInclude Include="..\..\src\Graphic\_CVX_func.h">
      <Filter>Source Files\Graphic</Filter>
    </ClInclude>
    <ClInclude Include="..\..\src\Graphic\_CVX2_func.h">
      <Filter>Source Files\Graphic</Filter>
    </ClInclude>
    <ClInclude Include="..\..\src\Graphic\_LIN_func.h">
      <Filter>Source Files\Graphic</Filter>
    </ClInclude>
    <ClInclude Include="..\..\src\Graphic\_LIN_Int.h">
      <Filter>Source Files\Graphic</Filter>
    </ClInclude>
    <ClInclude Include="..\..\src\Graphic\_LIN2_func.h">
      <Filter>Source Files\Graphic</Filter>
    </ClInclude>
    <ClInclude Include="..\..\src\Graphic\_OL_func.h">
      <Filter>Source Files\Graphic</Filter>
    </ClInclude>
    <ClInclude Include="..\..\src\Graphic\_PLY_func.h">
      <Filter>Source Files\Graphic</Filter>
    </ClInclude>
    <ClInclude Include="..\..\src\Graphic\_PLY2_func.h">
      <Filter>Source Files\Graphic</Filter>
    </ClInclude>
    <ClInclude Include="..\..\src\Graphic\_QUD_func.h">
      <Filter>Source Files\Graphic</Filter>
    </ClInclude>
    <ClInclude Include="..\..\src\Graphic\_TRI_func.h">
      <Filter>Source Files\Graphic</Filter>
    </ClInclude>
    <ClInclude Include="..\..\src\Graphic\_TRI_Int.h">
      <Filter>Source Files\Graphic</Filter>
    </ClInclude>
    <ClInclude Include="..\..\src\Text\_STR_func.h">
      <Filter>Source Files\Text</Filter>
    </ClInclude>
    <ClInclude Include="..\..\src\Text\FontEDmp_E.h">
      <Filter>Source Files\Text</Filter>
    </ClInclude>
    <ClInclude Include="..\..\src\Text\FontMDmp_E.h">
      <Filter>Source Files\Text</Filter>
    </ClInclude>
    <ClInclude Include="..\..\src\Text\FontSDmp_E.h">
      <Filter>Source Files\Text</Filter>
    </ClInclude>
    <ClInclude Include="..\..\src\Text\FontTDmp_E.h">
      <Filter>Source Files\Text</Filter>
    </ClInclude>
    <ClInclude Include="..\..\inc\GrpX.h">
      <Filter>Header Files</Filter>
    </ClInclude>
    <ClInclude Include="..\..\inc\GrpX_CFG.h">
      <Filter>Header Files</Filter>
    </ClInclude>
  </ItemGroup>
  <ItemGroup>
    <ClCompile Include="..\..\src\Bitmap\_IMG_func.c">
      <Filter>Source Files\Bitmap</Filter>
    </ClCompile>
    <ClCompile Include="..\..\src\Bitmap\GETIMG.c">
      <Filter>Source Files\Bitmap</Filter>
    </ClCompile>
    <ClCompile Include="..\..\src\Bitmap\HLINE_TX.c">
      <Filter>Source Files\Bitmap</Filter>
    </ClCompile>
    <ClCompile Include="..\..\src\Bitmap\IMG_A.c">
      <Filter>Source Files\Bitmap</Filter>
    </ClCompile>
    <ClCompile Include="..\..\src\Bitmap\IMG_D.c">
      <Filter>Source Files\Bitmap</Filter>
    </ClCompile>
    <ClCompile Include="..\..\src\Bitmap\IMG_GL_P.c">
      <Filter>Source Files\Bitmap</Filter>
    </ClCompile>
    <ClCompile Include="..\..\src\Bitmap\IMG_GL_R.c">
      <Filter>Source Files\Bitmap</Filter>
    </ClCompile>
    <ClCompile Include="..\..\src\Bitmap\IMG_HL.c">
      <Filter>Source Files\Bitmap</Filter>
    </ClCompile>
    <ClCompile Include="..\..\src\Bitmap\IMG_LOW.c">
      <Filter>Source Files\Bitmap</Filter>
    </ClCompile>
    <ClCompile Include="..\..\src\Bitmap\IMG_R.c">
      <Filter>Source Files\Bitmap</Filter>
    </ClCompile>
    <ClCompile Include="..\..\src\Bitmap\IMG_RA.c">
      <Filter>Source Files\Bitmap</Filter>
    </ClCompile>
    <ClCompile Include="..\..\src\Bitmap\IMG_RT.c">
      <Filter>Source Files\Bitmap</Filter>
    </ClCompile>
    <ClCompile Include="..\..\src\Bitmap\IMG_S.c">
      <Filter>Source Files\Bitmap</Filter>
    </ClCompile>
    <ClCompile Include="..\..\src\Bitmap\IMG_T.c">
      <Filter>Source Files\Bitmap</Filter>
    </ClCompile>
    <ClCompile Include="..\..\src\Bitmap\IMG_TS.c">
      <Filter>Source Files\Bitmap</Filter>
    </ClCompile>
    <ClCompile Include="..\..\src\Bitmap\LOADIMG.c">
      <Filter>Source Files\Bitmap</Filter>
    </ClCompile>
    <ClCompile Include="..\..\src\Bitmap\LOADMSK.c">
      <Filter>Source Files\Bitmap</Filter>
    </ClCompile>
    <ClCompile Include="..\..\src\Bitmap\RECT_TX.c">
      <Filter>Source Files\Bitmap</Filter>
    </ClCompile>
    <ClCompile Include="..\..\src\kernel\Canvas.c">
      <Filter>Source Files\Kernel</Filter>
    </ClCompile>
    <ClCompile Include="..\..\src\kernel\G_kernel.c">
      <Filter>Source Files\Kernel</Filter>
    </ClCompile>
    <ClCompile Include="..\..\src\Graphic\_AA_func.c">
      <Filter>Source Files\Graphic</Filter>
    </ClCompile>
    <ClCompile Include="..\..\src\Graphic\_AB_table.c">
      <Filter>Source Files\Graphic</Filter>
    </ClCompile>
    <ClCompile Include="..\..\src\Graphic\_ClipPoly_func.c">
      <Filter>Source Files\Graphic</Filter>
    </ClCompile>
    <ClCompile Include="..\..\src\Graphic\_CVX_func.c">
      <Filter>Source Files\Graphic</Filter>
    </ClCompile>
    <ClCompile Include="..\..\src\Graphic\_CVX2_func.c">
      <Filter>Source Files\Graphic</Filter>
    </ClCompile>
    <ClCompile Include="..\..\src\Graphic\_LIN_func.c">
      <Filter>Source Files\Graphic</Filter>
    </ClCompile>
    <ClCompile Include="..\..\src\Graphic\_LIN2_func.c">
      <Filter>Source Files\Graphic</Filter>
    </ClCompile>
    <ClCompile Include="..\..\src\Graphic\_OL_func.c">
      <Filter>Source Files\Graphic</Filter>
    </ClCompile>
    <ClCompile Include="..\..\src\Graphic\_PLY_func.c">
      <Filter>Source Files\Graphic</Filter>
    </ClCompile>
    <ClCompile Include="..\..\src\Graphic\_PLY2_func.c">
      <Filter>Source Files\Graphic</Filter>
    </ClCompile>
    <ClCompile Include="..\..\src\Graphic\_QUD_func.c">
      <Filter>Source Files\Graphic</Filter>
    </ClCompile>
    <ClCompile Include="..\..\src\Graphic\_TRI_func.c">
      <Filter>Source Files\Graphic</Filter>
    </ClCompile>
    <ClCompile Include="..\..\src\Graphic\CIRC_FAA.c">
      <Filter>Source Files\Graphic</Filter>
    </ClCompile>
    <ClCompile Include="..\..\src\Graphic\CIRC_FT.c">
      <Filter>Source Files\Graphic</Filter>
    </ClCompile>
    <ClCompile Include="..\..\src\Graphic\CIRC_T.c">
      <Filter>Source Files\Graphic</Filter>
    </ClCompile>
    <ClCompile Include="..\..\src\Graphic\CIRCLE.c">
      <Filter>Source Files\Graphic</Filter>
    </ClCompile>
    <ClCompile Include="..\..\src\Graphic\CIRCLE_F.c">
      <Filter>Source Files\Graphic</Filter>
    </ClCompile>
    <ClCompile Include="..\..\src\Graphic\CLRSCR.c">
      <Filter>Source Files\Graphic</Filter>
    </ClCompile>
    <ClCompile Include="..\..\src\Graphic\ELPS.c">
      <Filter>Source Files\Graphic</Filter>
    </ClCompile>
    <ClCompile Include="..\..\src\Graphic\ELPS_F.c">
      <Filter>Source Files\Graphic</Filter>
    </ClCompile>
    <ClCompile Include="..\..\src\Graphic\GETPIXEL.c">
      <Filter>Source Files\Graphic</Filter>
    </ClCompile>
    <ClCompile Include="..\..\src\Graphic\LINE.c">
      <Filter>Source Files\Graphic</Filter>
    </ClCompile>
    <ClCompile Include="..\..\src\Graphic\LINE_AA.c">
      <Filter>Source Files\Graphic</Filter>
    </ClCompile>
    <ClCompile Include="..\..\src\Graphic\LINE_C.c">
      <Filter>Source Files\Graphic</Filter>
    </ClCompile>
    <ClCompile Include="..\..\src\Graphic\LINE_H.c">
      <Filter>Source Files\Graphic</Filter>
    </ClCompile>
    <ClCompile Include="..\..\src\Graphic\LINE_HT.c">
      <Filter>Source Files\Graphic</Filter>
    </ClCompile>
    <ClCompile Include="..\..\src\Graphic\LINE_V.c">
      <Filter>Source Files\Graphic</Filter>
    </ClCompile>
    <ClCompile Include="..\..\src\Graphic\LINE_VT.c">
      <Filter>Source Files\Graphic</Filter>
    </ClCompile>
    <ClCompile Include="..\..\src\Graphic\LINE_W.c">
      <Filter>Source Files\Graphic</Filter>
    </ClCompile>
    <ClCompile Include="..\..\src\Graphic\PIXEL_AA.c">
      <Filter>Source Files\Graphic</Filter>
    </ClCompile>
    <ClCompile Include="..\..\src\Graphic\PLY_F.c">
      <Filter>Source Files\Graphic</Filter>
    </ClCompile>
    <ClCompile Include="..\..\src\Graphic\PLY_FAA.c">
      <Filter>Source Files\Graphic</Filter>
    </ClCompile>
    <ClCompile Include="..\..\src\Graphic\PLY_FB.c">
      <Filter>Source Files\Graphic</Filter>
    </ClCompile>
    <ClCompile Include="..\..\src\Graphic\PLY_L.c">
      <Filter>Source Files\Graphic</Filter>
    </ClCompile>
    <ClCompile Include="..\..\src\Graphic\PLY_LW.c">
      <Filter>Source Files\Graphic</Filter>
    </ClCompile>
    <ClCompile Include="..\..\src\Graphic\PPLY_F.c">
      <Filter>Source Files\Graphic</Filter>
    </ClCompile>
    <ClCompile Include="..\..\src\Graphic\PPLY_FAA.c">
      <Filter>Source Files\Graphic</Filter>
    </ClCompile>
    <ClCompile Include="..\..\src\Graphic\PPLY_FB.c">
      <Filter>Source Files\Graphic</Filter>
    </ClCompile>
    <ClCompile Include="..\..\src\Graphic\PPLY_L.c">
      <Filter>Source Files\Graphic</Filter>
    </ClCompile>
    <ClCompile Include="..\..\src\Graphic\PPLY_LW.c">
      <Filter>Source Files\Graphic</Filter>
    </ClCompile>
    <ClCompile Include="..\..\src\Graphic\PUTPIXEL.c">
      <Filter>Source Files\Graphic</Filter>
    </ClCompile>
    <ClCompile Include="..\..\src\Graphic\Quad.c">
      <Filter>Source Files\Graphic</Filter>
    </ClCompile>
    <ClCompile Include="..\..\src\Graphic\Quad_F.c">
      <Filter>Source Files\Graphic</Filter>
    </ClCompile>
    <ClCompile Include="..\..\src\Graphic\Quad_FAA.c">
      <Filter>Source Files\Graphic</Filter>
    </ClCompile>
    <ClCompile Include="..\..\src\Graphic\RECT.c">
      <Filter>Source Files\Graphic</Filter>
    </ClCompile>
    <ClCompile Include="..\..\src\Graphic\RECT_F.c">
      <Filter>Source Files\Graphic</Filter>
    </ClCompile>
    <ClCompile Include="..\..\src\Graphic\RECT_FT.c">
      <Filter>Source Files\Graphic</Filter>
    </ClCompile>
    <ClCompile Include="..\..\src\Graphic\RECT_FX.c">
      <Filter>Source Files\Graphic</Filter>
    </ClCompile>
    <ClCompile Include="..\..\src\Graphic\RECT_T.c">
      <Filter>Source Files\Graphic</Filter>
    </ClCompile>
    <ClCompile Include="..\..\src\Graphic\RECT_W.c">
      <Filter>Source Files\Graphic</Filter>
    </ClCompile>
    <ClCompile Include="..\..\src\Graphic\TRI.c">
      <Filter>Source Files\Graphic</Filter>
    </ClCompile>
    <ClCompile Include="..\..\src\Graphic\TRI_F.c">
      <Filter>Source Files\Graphic</Filter>
    </ClCompile>
    <ClCompile Include="..\..\src\Graphic\TRI_FAA.c">
      <Filter>Source Files\Graphic</Filter>
    </ClCompile>
    <ClCompile Include="..\..\src\Graphic2\CIRCL_PB.c">
      <Filter>Source Files\Graphic2</Filter>
    </ClCompile>
    <ClCompile Include="..\..\src\Graphic2\LINE_PB.c">
      <Filter>Source Files\Graphic2</Filter>
    </ClCompile>
    <ClCompile Include="..\..\src\Graphic2\PB_LOW.c">
      <Filter>Source Files\Graphic2</Filter>
    </ClCompile>
    <ClCompile Include="..\..\src\Graphic2\PIXEL_PB.c">
      <Filter>Source Files\Graphic2</Filter>
    </ClCompile>
    <ClCompile Include="..\..\src\Graphic2\PLY_PB.c">
      <Filter>Source Files\Graphic2</Filter>
    </ClCompile>
    <ClCompile Include="..\..\src\Graphic2\PPLY_PB.c">
      <Filter>Source Files\Graphic2</Filter>
    </ClCompile>
    <ClCompile Include="..\..\src\Graphic2\QUAD_PB.c">
      <Filter>Source Files\Graphic2</Filter>
    </ClCompile>
    <ClCompile Include="..\..\src\Graphic2\RECT_PB.c">
      <Filter>Source Files\Graphic2</Filter>
    </ClCompile>
    <ClCompile Include="..\..\src\Graphic2\TRI_PB.c">
      <Filter>Source Files\Graphic2</Filter>
    </ClCompile>
    <ClCompile Include="..\..\src\Text\_STR_func.c">
      <Filter>Source Files\Text</Filter>
    </ClCompile>
    <ClCompile Include="..\..\src\Text\FONT.c">
      <Filter>Source Files\Text</Filter>
    </ClCompile>
    <ClCompile Include="..\..\src\Text\STR.c">
      <Filter>Source Files\Text</Filter>
    </ClCompile>
    <ClCompile Include="..\..\src\Text\STR_R.c">
      <Filter>Source Files\Text</Filter>
    </ClCompile>
    <ClCompile Include="..\..\src\Text\STRBM.c">
      <Filter>Source Files\Text</Filter>
    </ClCompile>
  </ItemGroup>
</Project>