Microsoft Visual Studio Solution File, Format Version 12.00
# Visual Studio 14
VisualStudioVersion = 14.0.25123.0
MinimumVisualStudioVersion = 10.0.40219.1
Project("{8BC9CEB8-8B4A-11D0-8D11-00A0C91BC942}") = "SYSAPI", "src\SYSAPI\__build\vs2015\SYSAPI.vcxproj", "{FB9F1BFD-803C-4604-88B5-1BD3D5DB6527}"
EndProject
Project("{8BC9CEB8-8B4A-11D0-8D11-00A0C91BC942}") = "A_UIEng", "src\UI_Base\A_UIEng\__build\vs2015\A_UIEng.vcxproj", "{F84B029C-C6D6-44C7-9FD6-66CF3BDA2A4C}"
EndProject
Project("{8BC9CEB8-8B4A-11D0-8D11-00A0C91BC942}") = "A_RES", "src\EXT_LIB\A_RES\__build\vs2015\A_Res.vcxproj", "{3909D6D6-59ED-49B5-8042-C50FBC802F83}"
EndProject
Project("{8BC9CEB8-8B4A-11D0-8D11-00A0C91BC942}") = "A_Util", "src\EXT_LIB\A_Util\__build\vs2015\A_Util.vcxproj", "{FE1CB799-04D7-4C4F-87DB-26D70DE3C326}"
EndProject
Project("{8BC9CEB8-8B4A-11D0-8D11-00A0C91BC942}") = "B_COMM", "src\EXT_LIB\B_COMM\__build\vs2015\B_Comm.vcxproj", "{84C42141-DABB-4780-8421-61BBD250CCEA}"
EndProject
Project("{8BC9CEB8-8B4A-11D0-8D11-00A0C91BC942}") = "GrpX", "src\EXT_LIB\GrpX\__build\vs2015\GrpX.vcxproj", "{9FD14FC6-4762-4CCE-993D-CA7E5485A85A}"
EndProject
Project("{8BC9CEB8-8B4A-11D0-8D11-00A0C91BC942}") = "B_NMEA", "src\EXT_LIB\B_NMEA\__build\vs2015\B_NMEA.vcxproj", "{2829F83F-1A27-4646-B1DA-E8595FA47EC1}"
EndProject
Project("{8BC9CEB8-8B4A-11D0-8D11-00A0C91BC942}") = "freetype", "src\EXT_LIB\freetype-2.3.9\__build\winpc\vs2015\freetype.vcxproj", "{1F1FF513-2EF5-4818-86C0-4DAAE1F9BF63}"
EndProject
Project("{8BC9CEB8-8B4A-11D0-8D11-00A0C91BC942}") = "COMP_BasePkg", "src\UI_Base\Component\BasePkg\__build\vs2015\COMP_BasePkg.vcxproj", "{730B3E37-EB9B-4647-807B-6C0408D4D674}"
EndProject
Project("{8BC9CEB8-8B4A-11D0-8D11-00A0C91BC942}") = "COMP_ExtPkg", "src\UI_Base\Component\ExtPkg\__build\vs2015\COMP_ExtPkg.vcxproj", "{AE87F11D-6E19-44A4-A393-AF2F284597B3}"
EndProject
Project("{8BC9CEB8-8B4A-11D0-8D11-00A0C91BC942}") = "A_Math", "src\EXT_LIB\A_Math\__build\vs2015\A_Math.vcxproj", "{E03A2E35-5701-4A81-AC1A-B1F1A095DC1C}"
EndProject
Project("{8BC9CEB8-8B4A-11D0-8D11-00A0C91BC942}") = "AUP_Launcher", "src\UI_Base\AUP_Launcher\__build\WinPC_vs2015\AUP_Launcher.vcxproj", "{42724DD5-75A6-4B92-800C-CDC74E692D14}"
	ProjectSection(ProjectDependencies) = postProject
		{AE87F11D-6E19-44A4-A393-AF2F284597B3} = {AE87F11D-6E19-44A4-A393-AF2F284597B3}
		{730B3E37-EB9B-4647-807B-6C0408D4D674} = {730B3E37-EB9B-4647-807B-6C0408D4D674}
		{2829F83F-1A27-4646-B1DA-E8595FA47EC1} = {2829F83F-1A27-4646-B1DA-E8595FA47EC1}
		{84C42141-DABB-4780-8421-61BBD250CCEA} = {84C42141-DABB-4780-8421-61BBD250CCEA}
		{0233B858-BF4B-4C33-83D8-E4AB71C26180} = {0233B858-BF4B-4C33-83D8-E4AB71C26180}
		{FE1CB799-04D7-4C4F-87DB-26D70DE3C326} = {FE1CB799-04D7-4C4F-87DB-26D70DE3C326}
		{F84B029C-C6D6-44C7-9FD6-66CF3BDA2A4C} = {F84B029C-C6D6-44C7-9FD6-66CF3BDA2A4C}
		{9FD14FC6-4762-4CCE-993D-CA7E5485A85A} = {9FD14FC6-4762-4CCE-993D-CA7E5485A85A}
		{3909D6D6-59ED-49B5-8042-C50FBC802F83} = {3909D6D6-59ED-49B5-8042-C50FBC802F83}
		{6F1CC1DD-DD98-48B8-A6E0-39A182221F3F} = {6F1CC1DD-DD98-48B8-A6E0-39A182221F3F}
		{FB9F1BFD-803C-4604-88B5-1BD3D5DB6527} = {FB9F1BFD-803C-4604-88B5-1BD3D5DB6527}
	EndProjectSection
EndProject
Project("{8BC9CEB8-8B4A-11D0-8D11-00A0C91BC942}") = "APP_SmartFx_Impl", "src\Apps\APP_SmartFx\__build\Win32_vs2015\APP_SmartFx_Impl.vcxproj", "{8820BB25-B92E-4626-9C44-8CB64E76B210}"
EndProject
Project("{8BC9CEB8-8B4A-11D0-8D11-00A0C91BC942}") = "APP_AUPTest_Impl", "src\Apps\APP_AUPTest\__build\Win32_VS2015\AUP_Test_Impl.vcxproj", "{9820BB25-B92E-4226-9C44-7CB64E76B210}"
EndProject
Project("{8BC9CEB8-8B4A-11D0-8D11-00A0C91BC942}") = "SYSAPI_OEM_WINPC", "src\OEM\SYSAPI_OEM\Win32\__build\vs2015\SYSAPI_OEM_WinPC.vcxproj", "{6F1CC1DD-DD98-48B8-A6E0-39A182221F3F}"
EndProject
Project("{8BC9CEB8-8B4A-11D0-8D11-00A0C91BC942}") = "AUP_OEM_WINPC", "src\OEM\AUP_OEM\Win32\__build\vs2015\AUP_OEM_WinPC.vcxproj", "{0233B858-BF4B-4C33-83D8-E4AB71C26180}"
EndProject
Global
	GlobalSection(SolutionConfigurationPlatforms) = preSolution
		Debug|Pocket PC 2003 (ARMV4) = Debug|Pocket PC 2003 (ARMV4)
		Debug|Win32 = Debug|Win32
		Debug|Windows Mobile 6 Professional SDK (ARMV4I) = Debug|Windows Mobile 6 Professional SDK (ARMV4I)
		Release|Pocket PC 2003 (ARMV4) = Release|Pocket PC 2003 (ARMV4)
		Release|Win32 = Release|Win32
		Release|Windows Mobile 6 Professional SDK (ARMV4I) = Release|Windows Mobile 6 Professional SDK (ARMV4I)
		Unicode Debug|Pocket PC 2003 (ARMV4) = Unicode Debug|Pocket PC 2003 (ARMV4)
		Unicode Debug|Win32 = Unicode Debug|Win32
		Unicode Debug|Windows Mobile 6 Professional SDK (ARMV4I) = Unicode Debug|Windows Mobile 6 Professional SDK (ARMV4I)
		Unicode Release|Pocket PC 2003 (ARMV4) = Unicode Release|Pocket PC 2003 (ARMV4)
		Unicode Release|Win32 = Unicode Release|Win32
		Unicode Release|Windows Mobile 6 Professional SDK (ARMV4I) = Unicode Release|Windows Mobile 6 Professional SDK (ARMV4I)
	EndGlobalSection
	GlobalSection(ProjectConfigurationPlatforms) = postSolution
		{FB9F1BFD-803C-4604-88B5-1BD3D5DB6527}.Debug|Pocket PC 2003 (ARMV4).ActiveCfg = Debug|Win32
		{FB9F1BFD-803C-4604-88B5-1BD3D5DB6527}.Debug|Win32.ActiveCfg = Debug|Win32
		{FB9F1BFD-803C-4604-88B5-1BD3D5DB6527}.Debug|Win32.Build.0 = Debug|Win32
		{FB9F1BFD-803C-4604-88B5-1BD3D5DB6527}.Debug|Windows Mobile 6 Professional SDK (ARMV4I).ActiveCfg = Debug|Win32
		{FB9F1BFD-803C-4604-88B5-1BD3D5DB6527}.Release|Pocket PC 2003 (ARMV4).ActiveCfg = Release|Win32
		{FB9F1BFD-803C-4604-88B5-1BD3D5DB6527}.Release|Win32.ActiveCfg = Release|Win32
		{FB9F1BFD-803C-4604-88B5-1BD3D5DB6527}.Release|Win32.Build.0 = Release|Win32
		{FB9F1BFD-803C-4604-88B5-1BD3D5DB6527}.Release|Windows Mobile 6 Professional SDK (ARMV4I).ActiveCfg = Release|Win32
		{FB9F1BFD-803C-4604-88B5-1BD3D5DB6527}.Unicode Debug|Pocket PC 2003 (ARMV4).ActiveCfg = Unicode Debug|Win32
		{FB9F1BFD-803C-4604-88B5-1BD3D5DB6527}.Unicode Debug|Win32.ActiveCfg = Unicode Debug|Win32
		{FB9F1BFD-803C-4604-88B5-1BD3D5DB6527}.Unicode Debug|Win32.Build.0 = Unicode Debug|Win32
		{FB9F1BFD-803C-4604-88B5-1BD3D5DB6527}.Unicode Debug|Windows Mobile 6 Professional SDK (ARMV4I).ActiveCfg = Unicode Debug|Win32
		{FB9F1BFD-803C-4604-88B5-1BD3D5DB6527}.Unicode Release|Pocket PC 2003 (ARMV4).ActiveCfg = Unicode Release|Win32
		{FB9F1BFD-803C-4604-88B5-1BD3D5DB6527}.Unicode Release|Win32.ActiveCfg = Unicode Release|Win32
		{FB9F1BFD-803C-4604-88B5-1BD3D5DB6527}.Unicode Release|Win32.Build.0 = Unicode Release|Win32
		{FB9F1BFD-803C-4604-88B5-1BD3D5DB6527}.Unicode Release|Windows Mobile 6 Professional SDK (ARMV4I).ActiveCfg = Unicode Release|Win32
		{F84B029C-C6D6-44C7-9FD6-66CF3BDA2A4C}.Debug|Pocket PC 2003 (ARMV4).ActiveCfg = Debug|Win32
		{F84B029C-C6D6-44C7-9FD6-66CF3BDA2A4C}.Debug|Win32.ActiveCfg = Debug|Win32
		{F84B029C-C6D6-44C7-9FD6-66CF3BDA2A4C}.Debug|Win32.Build.0 = Debug|Win32
		{F84B029C-C6D6-44C7-9FD6-66CF3BDA2A4C}.Debug|Windows Mobile 6 Professional SDK (ARMV4I).ActiveCfg = Debug|Win32
		{F84B029C-C6D6-44C7-9FD6-66CF3BDA2A4C}.Release|Pocket PC 2003 (ARMV4).ActiveCfg = Release|Win32
		{F84B029C-C6D6-44C7-9FD6-66CF3BDA2A4C}.Release|Win32.ActiveCfg = Release|Win32
		{F84B029C-C6D6-44C7-9FD6-66CF3BDA2A4C}.Release|Win32.Build.0 = Release|Win32
		{F84B029C-C6D6-44C7-9FD6-66CF3BDA2A4C}.Release|Windows Mobile 6 Professional SDK (ARMV4I).ActiveCfg = Release|Win32
		{F84B029C-C6D6-44C7-9FD6-66CF3BDA2A4C}.Unicode Debug|Pocket PC 2003 (ARMV4).ActiveCfg = Unicode Debug|Win32
		{F84B029C-C6D6-44C7-9FD6-66CF3BDA2A4C}.Unicode Debug|Win32.ActiveCfg = Unicode Debug|Win32
		{F84B029C-C6D6-44C7-9FD6-66CF3BDA2A4C}.Unicode Debug|Win32.Build.0 = Unicode Debug|Win32
		{F84B029C-C6D6-44C7-9FD6-66CF3BDA2A4C}.Unicode Debug|Windows Mobile 6 Professional SDK (ARMV4I).ActiveCfg = Unicode Debug|Win32
		{F84B029C-C6D6-44C7-9FD6-66CF3BDA2A4C}.Unicode Release|Pocket PC 2003 (ARMV4).ActiveCfg = Unicode Release|Win32
		{F84B029C-C6D6-44C7-9FD6-66CF3BDA2A4C}.Unicode Release|Win32.ActiveCfg = Unicode Release|Win32
		{F84B029C-C6D6-44C7-9FD6-66CF3BDA2A4C}.Unicode Release|Win32.Build.0 = Unicode Release|Win32
		{F84B029C-C6D6-44C7-9FD6-66CF3BDA2A4C}.Unicode Release|Windows Mobile 6 Professional SDK (ARMV4I).ActiveCfg = Unicode Release|Win32
		{3909D6D6-59ED-49B5-8042-C50FBC802F83}.Debug|Pocket PC 2003 (ARMV4).ActiveCfg = Debug|Win32
		{3909D6D6-59ED-49B5-8042-C50FBC802F83}.Debug|Win32.ActiveCfg = Debug|Win32
		{3909D6D6-59ED-49B5-8042-C50FBC802F83}.Debug|Win32.Build.0 = Debug|Win32
		{3909D6D6-59ED-49B5-8042-C50FBC802F83}.Debug|Windows Mobile 6 Professional SDK (ARMV4I).ActiveCfg = Debug|Win32
		{3909D6D6-59ED-49B5-8042-C50FBC802F83}.Release|Pocket PC 2003 (ARMV4).ActiveCfg = Release|Win32
		{3909D6D6-59ED-49B5-8042-C50FBC802F83}.Release|Win32.ActiveCfg = Release|Win32
		{3909D6D6-59ED-49B5-8042-C50FBC802F83}.Release|Win32.Build.0 = Release|Win32
		{3909D6D6-59ED-49B5-8042-C50FBC802F83}.Release|Windows Mobile 6 Professional SDK (ARMV4I).ActiveCfg = Release|Win32
		{3909D6D6-59ED-49B5-8042-C50FBC802F83}.Unicode Debug|Pocket PC 2003 (ARMV4).ActiveCfg = Unicode Debug|Win32
		{3909D6D6-59ED-49B5-8042-C50FBC802F83}.Unicode Debug|Win32.ActiveCfg = Unicode Debug|Win32
		{3909D6D6-59ED-49B5-8042-C50FBC802F83}.Unicode Debug|Win32.Build.0 = Unicode Debug|Win32
		{3909D6D6-59ED-49B5-8042-C50FBC802F83}.Unicode Debug|Windows Mobile 6 Professional SDK (ARMV4I).ActiveCfg = Unicode Debug|Win32
		{3909D6D6-59ED-49B5-8042-C50FBC802F83}.Unicode Release|Pocket PC 2003 (ARMV4).ActiveCfg = Unicode Release|Win32
		{3909D6D6-59ED-49B5-8042-C50FBC802F83}.Unicode Release|Win32.ActiveCfg = Unicode Release|Win32
		{3909D6D6-59ED-49B5-8042-C50FBC802F83}.Unicode Release|Win32.Build.0 = Unicode Release|Win32
		{3909D6D6-59ED-49B5-8042-C50FBC802F83}.Unicode Release|Windows Mobile 6 Professional SDK (ARMV4I).ActiveCfg = Unicode Release|Win32
		{FE1CB799-04D7-4C4F-87DB-26D70DE3C326}.Debug|Pocket PC 2003 (ARMV4).ActiveCfg = Debug|Win32
		{FE1CB799-04D7-4C4F-87DB-26D70DE3C326}.Debug|Win32.ActiveCfg = Debug|Win32
		{FE1CB799-04D7-4C4F-87DB-26D70DE3C326}.Debug|Win32.Build.0 = Debug|Win32
		{FE1CB799-04D7-4C4F-87DB-26D70DE3C326}.Debug|Windows Mobile 6 Professional SDK (ARMV4I).ActiveCfg = Debug|Win32
		{FE1CB799-04D7-4C4F-87DB-26D70DE3C326}.Release|Pocket PC 2003 (ARMV4).ActiveCfg = Release|Win32
		{FE1CB799-04D7-4C4F-87DB-26D70DE3C326}.Release|Win32.ActiveCfg = Release|Win32
		{FE1CB799-04D7-4C4F-87DB-26D70DE3C326}.Release|Win32.Build.0 = Release|Win32
		{FE1CB799-04D7-4C4F-87DB-26D70DE3C326}.Release|Windows Mobile 6 Professional SDK (ARMV4I).ActiveCfg = Release|Win32
		{FE1CB799-04D7-4C4F-87DB-26D70DE3C326}.Unicode Debug|Pocket PC 2003 (ARMV4).ActiveCfg = Unicode Debug|Win32
		{FE1CB799-04D7-4C4F-87DB-26D70DE3C326}.Unicode Debug|Win32.ActiveCfg = Unicode Debug|Win32
		{FE1CB799-04D7-4C4F-87DB-26D70DE3C326}.Unicode Debug|Win32.Build.0 = Unicode Debug|Win32
		{FE1CB799-04D7-4C4F-87DB-26D70DE3C326}.Unicode Debug|Windows Mobile 6 Professional SDK (ARMV4I).ActiveCfg = Unicode Debug|Win32
		{FE1CB799-04D7-4C4F-87DB-26D70DE3C326}.Unicode Release|Pocket PC 2003 (ARMV4).ActiveCfg = Unicode Release|Win32
		{FE1CB799-04D7-4C4F-87DB-26D70DE3C326}.Unicode Release|Win32.ActiveCfg = Unicode Release|Win32
		{FE1CB799-04D7-4C4F-87DB-26D70DE3C326}.Unicode Release|Win32.Build.0 = Unicode Release|Win32
		{FE1CB799-04D7-4C4F-87DB-26D70DE3C326}.Unicode Release|Windows Mobile 6 Professional SDK (ARMV4I).ActiveCfg = Unicode Release|Win32
		{84C42141-DABB-4780-8421-61BBD250CCEA}.Debug|Pocket PC 2003 (ARMV4).ActiveCfg = Debug|Win32
		{84C42141-DABB-4780-8421-61BBD250CCEA}.Debug|Win32.ActiveCfg = Debug|Win32
		{84C42141-DABB-4780-8421-61BBD250CCEA}.Debug|Win32.Build.0 = Debug|Win32
		{84C42141-DABB-4780-8421-61BBD250CCEA}.Debug|Windows Mobile 6 Professional SDK (ARMV4I).ActiveCfg = Debug|Win32
		{84C42141-DABB-4780-8421-61BBD250CCEA}.Release|Pocket PC 2003 (ARMV4).ActiveCfg = Release|Win32
		{84C42141-DABB-4780-8421-61BBD250CCEA}.Release|Win32.ActiveCfg = Release|Win32
		{84C42141-DABB-4780-8421-61BBD250CCEA}.Release|Win32.Build.0 = Release|Win32
		{84C42141-DABB-4780-8421-61BBD250CCEA}.Release|Windows Mobile 6 Professional SDK (ARMV4I).ActiveCfg = Release|Win32
		{84C42141-DABB-4780-8421-61BBD250CCEA}.Unicode Debug|Pocket PC 2003 (ARMV4).ActiveCfg = Unicode Debug|Win32
		{84C42141-DABB-4780-8421-61BBD250CCEA}.Unicode Debug|Win32.ActiveCfg = Unicode Debug|Win32
		{84C42141-DABB-4780-8421-61BBD250CCEA}.Unicode Debug|Win32.Build.0 = Unicode Debug|Win32
		{84C42141-DABB-4780-8421-61BBD250CCEA}.Unicode Debug|Windows Mobile 6 Professional SDK (ARMV4I).ActiveCfg = Unicode Debug|Win32
		{84C42141-DABB-4780-8421-61BBD250CCEA}.Unicode Release|Pocket PC 2003 (ARMV4).ActiveCfg = Unicode Release|Win32
		{84C42141-DABB-4780-8421-61BBD250CCEA}.Unicode Release|Win32.ActiveCfg = Unicode Release|Win32
		{84C42141-DABB-4780-8421-61BBD250CCEA}.Unicode Release|Win32.Build.0 = Unicode Release|Win32
		{84C42141-DABB-4780-8421-61BBD250CCEA}.Unicode Release|Windows Mobile 6 Professional SDK (ARMV4I).ActiveCfg = Unicode Release|Win32
		{9FD14FC6-4762-4CCE-993D-CA7E5485A85A}.Debug|Pocket PC 2003 (ARMV4).ActiveCfg = Debug|Win32
		{9FD14FC6-4762-4CCE-993D-CA7E5485A85A}.Debug|Win32.ActiveCfg = Debug|Win32
		{9FD14FC6-4762-4CCE-993D-CA7E5485A85A}.Debug|Win32.Build.0 = Debug|Win32
		{9FD14FC6-4762-4CCE-993D-CA7E5485A85A}.Debug|Windows Mobile 6 Professional SDK (ARMV4I).ActiveCfg = Debug|Win32
		{9FD14FC6-4762-4CCE-993D-CA7E5485A85A}.Release|Pocket PC 2003 (ARMV4).ActiveCfg = Release|Win32
		{9FD14FC6-4762-4CCE-993D-CA7E5485A85A}.Release|Win32.ActiveCfg = Release|Win32
		{9FD14FC6-4762-4CCE-993D-CA7E5485A85A}.Release|Win32.Build.0 = Release|Win32
		{9FD14FC6-4762-4CCE-993D-CA7E5485A85A}.Release|Windows Mobile 6 Professional SDK (ARMV4I).ActiveCfg = Release|Win32
		{9FD14FC6-4762-4CCE-993D-CA7E5485A85A}.Unicode Debug|Pocket PC 2003 (ARMV4).ActiveCfg = Unicode Debug|Win32
		{9FD14FC6-4762-4CCE-993D-CA7E5485A85A}.Unicode Debug|Win32.ActiveCfg = Unicode Debug|Win32
		{9FD14FC6-4762-4CCE-993D-CA7E5485A85A}.Unicode Debug|Win32.Build.0 = Unicode Debug|Win32
		{9FD14FC6-4762-4CCE-993D-CA7E5485A85A}.Unicode Debug|Windows Mobile 6 Professional SDK (ARMV4I).ActiveCfg = Unicode Debug|Win32
		{9FD14FC6-4762-4CCE-993D-CA7E5485A85A}.Unicode Release|Pocket PC 2003 (ARMV4).ActiveCfg = Unicode Release|Win32
		{9FD14FC6-4762-4CCE-993D-CA7E5485A85A}.Unicode Release|Win32.ActiveCfg = Unicode Release|Win32
		{9FD14FC6-4762-4CCE-993D-CA7E5485A85A}.Unicode Release|Win32.Build.0 = Unicode Release|Win32
		{9FD14FC6-4762-4CCE-993D-CA7E5485A85A}.Unicode Release|Windows Mobile 6 Professional SDK (ARMV4I).ActiveCfg = Unicode Release|Win32
		{2829F83F-1A27-4646-B1DA-E8595FA47EC1}.Debug|Pocket PC 2003 (ARMV4).ActiveCfg = Debug|Win32
		{2829F83F-1A27-4646-B1DA-E8595FA47EC1}.Debug|Win32.ActiveCfg = Debug|Win32
		{2829F83F-1A27-4646-B1DA-E8595FA47EC1}.Debug|Win32.Build.0 = Debug|Win32
		{2829F83F-1A27-4646-B1DA-E8595FA47EC1}.Debug|Windows Mobile 6 Professional SDK (ARMV4I).ActiveCfg = Debug|Win32
		{2829F83F-1A27-4646-B1DA-E8595FA47EC1}.Release|Pocket PC 2003 (ARMV4).ActiveCfg = Release|Win32
		{2829F83F-1A27-4646-B1DA-E8595FA47EC1}.Release|Win32.ActiveCfg = Release|Win32
		{2829F83F-1A27-4646-B1DA-E8595FA47EC1}.Release|Win32.Build.0 = Release|Win32
		{2829F83F-1A27-4646-B1DA-E8595FA47EC1}.Release|Windows Mobile 6 Professional SDK (ARMV4I).ActiveCfg = Release|Win32
		{2829F83F-1A27-4646-B1DA-E8595FA47EC1}.Unicode Debug|Pocket PC 2003 (ARMV4).ActiveCfg = Unicode Debug|Win32
		{2829F83F-1A27-4646-B1DA-E8595FA47EC1}.Unicode Debug|Win32.ActiveCfg = Unicode Debug|Win32
		{2829F83F-1A27-4646-B1DA-E8595FA47EC1}.Unicode Debug|Win32.Build.0 = Unicode Debug|Win32
		{2829F83F-1A27-4646-B1DA-E8595FA47EC1}.Unicode Debug|Windows Mobile 6 Professional SDK (ARMV4I).ActiveCfg = Unicode Debug|Win32
		{2829F83F-1A27-4646-B1DA-E8595FA47EC1}.Unicode Release|Pocket PC 2003 (ARMV4).ActiveCfg = Unicode Release|Win32
		{2829F83F-1A27-4646-B1DA-E8595FA47EC1}.Unicode Release|Win32.ActiveCfg = Unicode Release|Win32
		{2829F83F-1A27-4646-B1DA-E8595FA47EC1}.Unicode Release|Win32.Build.0 = Unicode Release|Win32
		{2829F83F-1A27-4646-B1DA-E8595FA47EC1}.Unicode Release|Windows Mobile 6 Professional SDK (ARMV4I).ActiveCfg = Unicode Release|Win32
		{1F1FF513-2EF5-4818-86C0-4DAAE1F9BF63}.Debug|Pocket PC 2003 (ARMV4).ActiveCfg = Debug|Win32
		{1F1FF513-2EF5-4818-86C0-4DAAE1F9BF63}.Debug|Win32.ActiveCfg = Debug|Win32
		{1F1FF513-2EF5-4818-86C0-4DAAE1F9BF63}.Debug|Win32.Build.0 = Debug|Win32
		{1F1FF513-2EF5-4818-86C0-4DAAE1F9BF63}.Debug|Windows Mobile 6 Professional SDK (ARMV4I).ActiveCfg = Debug|Win32
		{1F1FF513-2EF5-4818-86C0-4DAAE1F9BF63}.Release|Pocket PC 2003 (ARMV4).ActiveCfg = Release|Win32
		{1F1FF513-2EF5-4818-86C0-4DAAE1F9BF63}.Release|Win32.ActiveCfg = Release|Win32
		{1F1FF513-2EF5-4818-86C0-4DAAE1F9BF63}.Release|Win32.Build.0 = Release|Win32
		{1F1FF513-2EF5-4818-86C0-4DAAE1F9BF63}.Release|Windows Mobile 6 Professional SDK (ARMV4I).ActiveCfg = Release|Win32
		{1F1FF513-2EF5-4818-86C0-4DAAE1F9BF63}.Unicode Debug|Pocket PC 2003 (ARMV4).ActiveCfg = Unicode Debug|Win32
		{1F1FF513-2EF5-4818-86C0-4DAAE1F9BF63}.Unicode Debug|Win32.ActiveCfg = Unicode Debug|Win32
		{1F1FF513-2EF5-4818-86C0-4DAAE1F9BF63}.Unicode Debug|Win32.Build.0 = Unicode Debug|Win32
		{1F1FF513-2EF5-4818-86C0-4DAAE1F9BF63}.Unicode Debug|Windows Mobile 6 Professional SDK (ARMV4I).ActiveCfg = Unicode Debug|Win32
		{1F1FF513-2EF5-4818-86C0-4DAAE1F9BF63}.Unicode Release|Pocket PC 2003 (ARMV4).ActiveCfg = Unicode Release|Win32
		{1F1FF513-2EF5-4818-86C0-4DAAE1F9BF63}.Unicode Release|Win32.ActiveCfg = Unicode Release|Win32
		{1F1FF513-2EF5-4818-86C0-4DAAE1F9BF63}.Unicode Release|Win32.Build.0 = Unicode Release|Win32
		{1F1FF513-2EF5-4818-86C0-4DAAE1F9BF63}.Unicode Release|Windows Mobile 6 Professional SDK (ARMV4I).ActiveCfg = Unicode Release|Win32
		{730B3E37-EB9B-4647-807B-6C0408D4D674}.Debug|Pocket PC 2003 (ARMV4).ActiveCfg = Debug|Win32
		{730B3E37-EB9B-4647-807B-6C0408D4D674}.Debug|Win32.ActiveCfg = Debug|Win32
		{730B3E37-EB9B-4647-807B-6C0408D4D674}.Debug|Win32.Build.0 = Debug|Win32
		{730B3E37-EB9B-4647-807B-6C0408D4D674}.Debug|Windows Mobile 6 Professional SDK (ARMV4I).ActiveCfg = Debug|Win32
		{730B3E37-EB9B-4647-807B-6C0408D4D674}.Release|Pocket PC 2003 (ARMV4).ActiveCfg = Release|Win32
		{730B3E37-EB9B-4647-807B-6C0408D4D674}.Release|Win32.ActiveCfg = Release|Win32
		{730B3E37-EB9B-4647-807B-6C0408D4D674}.Release|Win32.Build.0 = Release|Win32
		{730B3E37-EB9B-4647-807B-6C0408D4D674}.Release|Windows Mobile 6 Professional SDK (ARMV4I).ActiveCfg = Release|Win32
		{730B3E37-EB9B-4647-807B-6C0408D4D674}.Unicode Debug|Pocket PC 2003 (ARMV4).ActiveCfg = Unicode Debug|Win32
		{730B3E37-EB9B-4647-807B-6C0408D4D674}.Unicode Debug|Win32.ActiveCfg = Unicode Debug|Win32
		{730B3E37-EB9B-4647-807B-6C0408D4D674}.Unicode Debug|Win32.Build.0 = Unicode Debug|Win32
		{730B3E37-EB9B-4647-807B-6C0408D4D674}.Unicode Debug|Windows Mobile 6 Professional SDK (ARMV4I).ActiveCfg = Unicode Debug|Win32
		{730B3E37-EB9B-4647-807B-6C0408D4D674}.Unicode Release|Pocket PC 2003 (ARMV4).ActiveCfg = Unicode Release|Win32
		{730B3E37-EB9B-4647-807B-6C0408D4D674}.Unicode Release|Win32.ActiveCfg = Unicode Release|Win32
		{730B3E37-EB9B-4647-807B-6C0408D4D674}.Unicode Release|Win32.Build.0 = Unicode Release|Win32
		{730B3E37-EB9B-4647-807B-6C0408D4D674}.Unicode Release|Windows Mobile 6 Professional SDK (ARMV4I).ActiveCfg = Unicode Release|Win32
		{AE87F11D-6E19-44A4-A393-AF2F284597B3}.Debug|Pocket PC 2003 (ARMV4).ActiveCfg = Debug|Win32
		{AE87F11D-6E19-44A4-A393-AF2F284597B3}.Debug|Win32.ActiveCfg = Debug|Win32
		{AE87F11D-6E19-44A4-A393-AF2F284597B3}.Debug|Win32.Build.0 = Debug|Win32
		{AE87F11D-6E19-44A4-A393-AF2F284597B3}.Debug|Windows Mobile 6 Professional SDK (ARMV4I).ActiveCfg = Debug|Win32
		{AE87F11D-6E19-44A4-A393-AF2F284597B3}.Release|Pocket PC 2003 (ARMV4).ActiveCfg = Release|Win32
		{AE87F11D-6E19-44A4-A393-AF2F284597B3}.Release|Win32.ActiveCfg = Release|Win32
		{AE87F11D-6E19-44A4-A393-AF2F284597B3}.Release|Win32.Build.0 = Release|Win32
		{AE87F11D-6E19-44A4-A393-AF2F284597B3}.Release|Windows Mobile 6 Professional SDK (ARMV4I).ActiveCfg = Release|Win32
		{AE87F11D-6E19-44A4-A393-AF2F284597B3}.Unicode Debug|Pocket PC 2003 (ARMV4).ActiveCfg = Unicode Debug|Win32
		{AE87F11D-6E19-44A4-A393-AF2F284597B3}.Unicode Debug|Win32.ActiveCfg = Unicode Debug|Win32
		{AE87F11D-6E19-44A4-A393-AF2F284597B3}.Unicode Debug|Win32.Build.0 = Unicode Debug|Win32
		{AE87F11D-6E19-44A4-A393-AF2F284597B3}.Unicode Debug|Windows Mobile 6 Professional SDK (ARMV4I).ActiveCfg = Unicode Debug|Win32
		{AE87F11D-6E19-44A4-A393-AF2F284597B3}.Unicode Release|Pocket PC 2003 (ARMV4).ActiveCfg = Unicode Release|Win32
		{AE87F11D-6E19-44A4-A393-AF2F284597B3}.Unicode Release|Win32.ActiveCfg = Unicode Release|Win32
		{AE87F11D-6E19-44A4-A393-AF2F284597B3}.Unicode Release|Win32.Build.0 = Unicode Release|Win32
		{AE87F11D-6E19-44A4-A393-AF2F284597B3}.Unicode Release|Windows Mobile 6 Professional SDK (ARMV4I).ActiveCfg = Unicode Release|Win32
		{E03A2E35-5701-4A81-AC1A-B1F1A095DC1C}.Debug|Pocket PC 2003 (ARMV4).ActiveCfg = Debug|Win32
		{E03A2E35-5701-4A81-AC1A-B1F1A095DC1C}.Debug|Win32.ActiveCfg = Debug|Win32
		{E03A2E35-5701-4A81-AC1A-B1F1A095DC1C}.Debug|Win32.Build.0 = Debug|Win32
		{E03A2E35-5701-4A81-AC1A-B1F1A095DC1C}.Debug|Windows Mobile 6 Professional SDK (ARMV4I).ActiveCfg = Debug|Win32
		{E03A2E35-5701-4A81-AC1A-B1F1A095DC1C}.Release|Pocket PC 2003 (ARMV4).ActiveCfg = Release|Win32
		{E03A2E35-5701-4A81-AC1A-B1F1A095DC1C}.Release|Win32.ActiveCfg = Release|Win32
		{E03A2E35-5701-4A81-AC1A-B1F1A095DC1C}.Release|Win32.Build.0 = Release|Win32
		{E03A2E35-5701-4A81-AC1A-B1F1A095DC1C}.Release|Windows Mobile 6 Professional SDK (ARMV4I).ActiveCfg = Release|Win32
		{E03A2E35-5701-4A81-AC1A-B1F1A095DC1C}.Unicode Debug|Pocket PC 2003 (ARMV4).ActiveCfg = Unicode Debug|Win32
		{E03A2E35-5701-4A81-AC1A-B1F1A095DC1C}.Unicode Debug|Win32.ActiveCfg = Unicode Debug|Win32
		{E03A2E35-5701-4A81-AC1A-B1F1A095DC1C}.Unicode Debug|Win32.Build.0 = Unicode Debug|Win32
		{E03A2E35-5701-4A81-AC1A-B1F1A095DC1C}.Unicode Debug|Windows Mobile 6 Professional SDK (ARMV4I).ActiveCfg = Unicode Debug|Win32
		{E03A2E35-5701-4A81-AC1A-B1F1A095DC1C}.Unicode Release|Pocket PC 2003 (ARMV4).ActiveCfg = Unicode Release|Win32
		{E03A2E35-5701-4A81-AC1A-B1F1A095DC1C}.Unicode Release|Win32.ActiveCfg = Unicode Release|Win32
		{E03A2E35-5701-4A81-AC1A-B1F1A095DC1C}.Unicode Release|Win32.Build.0 = Unicode Release|Win32
		{E03A2E35-5701-4A81-AC1A-B1F1A095DC1C}.Unicode Release|Win32.Deploy.0 = Unicode Release|Win32
		{E03A2E35-5701-4A81-AC1A-B1F1A095DC1C}.Unicode Release|Windows Mobile 6 Professional SDK (ARMV4I).ActiveCfg = Unicode Release|Win32
		{42724DD5-75A6-4B92-800C-CDC74E692D14}.Debug|Pocket PC 2003 (ARMV4).ActiveCfg = Debug|Win32
		{42724DD5-75A6-4B92-800C-CDC74E692D14}.Debug|Win32.ActiveCfg = Debug|Win32
		{42724DD5-75A6-4B92-800C-CDC74E692D14}.Debug|Win32.Build.0 = Debug|Win32
		{42724DD5-75A6-4B92-800C-CDC74E692D14}.Debug|Windows Mobile 6 Professional SDK (ARMV4I).ActiveCfg = Debug|Win32
		{42724DD5-75A6-4B92-800C-CDC74E692D14}.Release|Pocket PC 2003 (ARMV4).ActiveCfg = Release|Win32
		{42724DD5-75A6-4B92-800C-CDC74E692D14}.Release|Win32.ActiveCfg = Release|Win32
		{42724DD5-75A6-4B92-800C-CDC74E692D14}.Release|Win32.Build.0 = Release|Win32
		{42724DD5-75A6-4B92-800C-CDC74E692D14}.Release|Windows Mobile 6 Professional SDK (ARMV4I).ActiveCfg = Release|Win32
		{42724DD5-75A6-4B92-800C-CDC74E692D14}.Unicode Debug|Pocket PC 2003 (ARMV4).ActiveCfg = Unicode Debug|Win32
		{42724DD5-75A6-4B92-800C-CDC74E692D14}.Unicode Debug|Win32.ActiveCfg = Unicode Debug|Win32
		{42724DD5-75A6-4B92-800C-CDC74E692D14}.Unicode Debug|Win32.Build.0 = Unicode Debug|Win32
		{42724DD5-75A6-4B92-800C-CDC74E692D14}.Unicode Debug|Windows Mobile 6 Professional SDK (ARMV4I).ActiveCfg = Unicode Debug|Win32
		{42724DD5-75A6-4B92-800C-CDC74E692D14}.Unicode Release|Pocket PC 2003 (ARMV4).ActiveCfg = Unicode Release|Win32
		{42724DD5-75A6-4B92-800C-CDC74E692D14}.Unicode Release|Win32.ActiveCfg = Unicode Release|Win32
		{42724DD5-75A6-4B92-800C-CDC74E692D14}.Unicode Release|Win32.Build.0 = Unicode Release|Win32
		{42724DD5-75A6-4B92-800C-CDC74E692D14}.Unicode Release|Windows Mobile 6 Professional SDK (ARMV4I).ActiveCfg = Unicode Release|Win32
		{8820BB25-B92E-4626-9C44-8CB64E76B210}.Debug|Pocket PC 2003 (ARMV4).ActiveCfg = Debug|Win32
		{8820BB25-B92E-4626-9C44-8CB64E76B210}.Debug|Win32.ActiveCfg = Debug|Win32
		{8820BB25-B92E-4626-9C44-8CB64E76B210}.Debug|Win32.Build.0 = Debug|Win32
		{8820BB25-B92E-4626-9C44-8CB64E76B210}.Debug|Windows Mobile 6 Professional SDK (ARMV4I).ActiveCfg = Debug|Win32
		{8820BB25-B92E-4626-9C44-8CB64E76B210}.Release|Pocket PC 2003 (ARMV4).ActiveCfg = Release|Win32
		{8820BB25-B92E-4626-9C44-8CB64E76B210}.Release|Win32.ActiveCfg = Release|Win32
		{8820BB25-B92E-4626-9C44-8CB64E76B210}.Release|Win32.Build.0 = Release|Win32
		{8820BB25-B92E-4626-9C44-8CB64E76B210}.Release|Windows Mobile 6 Professional SDK (ARMV4I).ActiveCfg = Release|Win32
		{8820BB25-B92E-4626-9C44-8CB64E76B210}.Unicode Debug|Pocket PC 2003 (ARMV4).ActiveCfg = Unicode Debug|Win32
		{8820BB25-B92E-4626-9C44-8CB64E76B210}.Unicode Debug|Win32.ActiveCfg = Unicode Debug|Win32
		{8820BB25-B92E-4626-9C44-8CB64E76B210}.Unicode Debug|Win32.Build.0 = Unicode Debug|Win32
		{8820BB25-B92E-4626-9C44-8CB64E76B210}.Unicode Debug|Windows Mobile 6 Professional SDK (ARMV4I).ActiveCfg = Unicode Debug|Win32
		{8820BB25-B92E-4626-9C44-8CB64E76B210}.Unicode Release|Pocket PC 2003 (ARMV4).ActiveCfg = Unicode Release|Win32
		{8820BB25-B92E-4626-9C44-8CB64E76B210}.Unicode Release|Win32.ActiveCfg = Unicode Release|Win32
		{8820BB25-B92E-4626-9C44-8CB64E76B210}.Unicode Release|Win32.Build.0 = Unicode Release|Win32
		{8820BB25-B92E-4626-9C44-8CB64E76B210}.Unicode Release|Windows Mobile 6 Professional SDK (ARMV4I).ActiveCfg = Unicode Release|Win32
		{9820BB25-B92E-4226-9C44-7CB64E76B210}.Debug|Pocket PC 2003 (ARMV4).ActiveCfg = Debug|Win32
		{9820BB25-B92E-4226-9C44-7CB64E76B210}.Debug|Win32.ActiveCfg = Debug|Win32
		{9820BB25-B92E-4226-9C44-7CB64E76B210}.Debug|Win32.Build.0 = Debug|Win32
		{9820BB25-B92E-4226-9C44-7CB64E76B210}.Debug|Windows Mobile 6 Professional SDK (ARMV4I).ActiveCfg = Debug|Win32
		{9820BB25-B92E-4226-9C44-7CB64E76B210}.Release|Pocket PC 2003 (ARMV4).ActiveCfg = Release|Win32
		{9820BB25-B92E-4226-9C44-7CB64E76B210}.Release|Win32.ActiveCfg = Release|Win32
		{9820BB25-B92E-4226-9C44-7CB64E76B210}.Release|Win32.Build.0 = Release|Win32
		{9820BB25-B92E-4226-9C44-7CB64E76B210}.Release|Windows Mobile 6 Professional SDK (ARMV4I).ActiveCfg = Release|Win32
		{9820BB25-B92E-4226-9C44-7CB64E76B210}.Unicode Debug|Pocket PC 2003 (ARMV4).ActiveCfg = Unicode Debug|Win32
		{9820BB25-B92E-4226-9C44-7CB64E76B210}.Unicode Debug|Win32.ActiveCfg = Unicode Debug|Win32
		{9820BB25-B92E-4226-9C44-7CB64E76B210}.Unicode Debug|Win32.Build.0 = Unicode Debug|Win32
		{9820BB25-B92E-4226-9C44-7CB64E76B210}.Unicode Debug|Windows Mobile 6 Professional SDK (ARMV4I).ActiveCfg = Unicode Debug|Win32
		{9820BB25-B92E-4226-9C44-7CB64E76B210}.Unicode Release|Pocket PC 2003 (ARMV4).ActiveCfg = Unicode Release|Win32
		{9820BB25-B92E-4226-9C44-7CB64E76B210}.Unicode Release|Win32.ActiveCfg = Unicode Release|Win32
		{9820BB25-B92E-4226-9C44-7CB64E76B210}.Unicode Release|Win32.Build.0 = Unicode Release|Win32
		{9820BB25-B92E-4226-9C44-7CB64E76B210}.Unicode Release|Windows Mobile 6 Professional SDK (ARMV4I).ActiveCfg = Unicode Release|Win32
		{6F1CC1DD-DD98-48B8-A6E0-39A182221F3F}.Debug|Pocket PC 2003 (ARMV4).ActiveCfg = Debug|Win32
		{6F1CC1DD-DD98-48B8-A6E0-39A182221F3F}.Debug|Win32.ActiveCfg = Debug|Win32
		{6F1CC1DD-DD98-48B8-A6E0-39A182221F3F}.Debug|Win32.Build.0 = Debug|Win32
		{6F1CC1DD-DD98-48B8-A6E0-39A182221F3F}.Debug|Windows Mobile 6 Professional SDK (ARMV4I).ActiveCfg = Debug|Win32
		{6F1CC1DD-DD98-48B8-A6E0-39A182221F3F}.Release|Pocket PC 2003 (ARMV4).ActiveCfg = Release|Win32
		{6F1CC1DD-DD98-48B8-A6E0-39A182221F3F}.Release|Win32.ActiveCfg = Release|Win32
		{6F1CC1DD-DD98-48B8-A6E0-39A182221F3F}.Release|Win32.Build.0 = Release|Win32
		{6F1CC1DD-DD98-48B8-A6E0-39A182221F3F}.Release|Windows Mobile 6 Professional SDK (ARMV4I).ActiveCfg = Release|Win32
		{6F1CC1DD-DD98-48B8-A6E0-39A182221F3F}.Unicode Debug|Pocket PC 2003 (ARMV4).ActiveCfg = Unicode Debug|Win32
		{6F1CC1DD-DD98-48B8-A6E0-39A182221F3F}.Unicode Debug|Win32.ActiveCfg = Unicode Debug|Win32
		{6F1CC1DD-DD98-48B8-A6E0-39A182221F3F}.Unicode Debug|Win32.Build.0 = Unicode Debug|Win32
		{6F1CC1DD-DD98-48B8-A6E0-39A182221F3F}.Unicode Debug|Windows Mobile 6 Professional SDK (ARMV4I).ActiveCfg = Unicode Debug|Win32
		{6F1CC1DD-DD98-48B8-A6E0-39A182221F3F}.Unicode Release|Pocket PC 2003 (ARMV4).ActiveCfg = Unicode Release|Win32
		{6F1CC1DD-DD98-48B8-A6E0-39A182221F3F}.Unicode Release|Win32.ActiveCfg = Unicode Release|Win32
		{6F1CC1DD-DD98-48B8-A6E0-39A182221F3F}.Unicode Release|Win32.Build.0 = Unicode Release|Win32
		{6F1CC1DD-DD98-48B8-A6E0-39A182221F3F}.Unicode Release|Windows Mobile 6 Professional SDK (ARMV4I).ActiveCfg = Unicode Release|Win32
		{0233B858-BF4B-4C33-83D8-E4AB71C26180}.Debug|Pocket PC 2003 (ARMV4).ActiveCfg = Debug|Win32
		{0233B858-BF4B-4C33-83D8-E4AB71C26180}.Debug|Win32.ActiveCfg = Debug|Win32
		{0233B858-BF4B-4C33-83D8-E4AB71C26180}.Debug|Win32.Build.0 = Debug|Win32
		{0233B858-BF4B-4C33-83D8-E4AB71C26180}.Debug|Windows Mobile 6 Professional SDK (ARMV4I).ActiveCfg = Debug|Win32
		{0233B858-BF4B-4C33-83D8-E4AB71C26180}.Release|Pocket PC 2003 (ARMV4).ActiveCfg = Release|Win32
		{0233B858-BF4B-4C33-83D8-E4AB71C26180}.Release|Win32.ActiveCfg = Release|Win32
		{0233B858-BF4B-4C33-83D8-E4AB71C26180}.Release|Win32.Build.0 = Release|Win32
		{0233B858-BF4B-4C33-83D8-E4AB71C26180}.Release|Windows Mobile 6 Professional SDK (ARMV4I).ActiveCfg = Release|Win32
		{0233B858-BF4B-4C33-83D8-E4AB71C26180}.Unicode Debug|Pocket PC 2003 (ARMV4).ActiveCfg = Unicode Debug|Win32
		{0233B858-BF4B-4C33-83D8-E4AB71C26180}.Unicode Debug|Win32.ActiveCfg = Unicode Debug|Win32
		{0233B858-BF4B-4C33-83D8-E4AB71C26180}.Unicode Debug|Win32.Build.0 = Unicode Debug|Win32
		{0233B858-BF4B-4C33-83D8-E4AB71C26180}.Unicode Debug|Windows Mobile 6 Professional SDK (ARMV4I).ActiveCfg = Unicode Debug|Win32
		{0233B858-BF4B-4C33-83D8-E4AB71C26180}.Unicode Release|Pocket PC 2003 (ARMV4).ActiveCfg = Unicode Release|Win32
		{0233B858-BF4B-4C33-83D8-E4AB71C26180}.Unicode Release|Win32.ActiveCfg = Unicode Release|Win32
		{0233B858-BF4B-4C33-83D8-E4AB71C26180}.Unicode Release|Win32.Build.0 = Unicode Release|Win32
		{0233B858-BF4B-4C33-83D8-E4AB71C26180}.Unicode Release|Windows Mobile 6 Professional SDK (ARMV4I).ActiveCfg = Unicode Release|Win32
	EndGlobalSection
	GlobalSection(SolutionProperties) = preSolution
		HideSolutionNode = FALSE
	EndGlobalSection
	GlobalSection(DPCodeReviewSolutionGUID) = preSolution
		DPCodeReviewSolutionGUID = {00000000-0000-0000-0000-000000000000}
	EndGlobalSection
EndGlobal
