
Microsoft Visual Studio Solution File, Format Version 12.00
# Visual Studio 15
VisualStudioVersion = 15.0.28307.168
MinimumVisualStudioVersion = 10.0.40219.1
Project("{8BC9CEB8-8B4A-11D0-8D11-00A0C91BC942}") = "SampleForWin32", "SampleForWin32.vcxproj", "{FE3352B6-7D3B-4C66-957D-F687F352B7B1}"
EndProject
Project("{8BC9CEB8-8B4A-11D0-8D11-00A0C91BC942}") = "A_WinMng", "..\..\__build\vs2017\A_WinMng.vcxproj", "{F84B029C-C6D6-44C7-9FD6-66CF3BDA2A4C}"
EndProject
Global
	GlobalSection(SolutionConfigurationPlatforms) = preSolution
		Debug|x64 = Debug|x64
		Debug|x86 = Debug|x86
		Release|x64 = Release|x64
		Release|x86 = Release|x86
		Unicode Debug|x64 = Unicode Debug|x64
		Unicode Debug|x86 = Unicode Debug|x86
		Unicode Release|x64 = Unicode Release|x64
		Unicode Release|x86 = Unicode Release|x86
	EndGlobalSection
	GlobalSection(ProjectConfigurationPlatforms) = postSolution
		{FE3352B6-7D3B-4C66-957D-F687F352B7B1}.Debug|x64.ActiveCfg = Debug|x64
		{FE3352B6-7D3B-4C66-957D-F687F352B7B1}.Debug|x64.Build.0 = Debug|x64
		{FE3352B6-7D3B-4C66-957D-F687F352B7B1}.Debug|x86.ActiveCfg = Debug|Win32
		{FE3352B6-7D3B-4C66-957D-F687F352B7B1}.Debug|x86.Build.0 = Debug|Win32
		{FE3352B6-7D3B-4C66-957D-F687F352B7B1}.Release|x64.ActiveCfg = Release|x64
		{FE3352B6-7D3B-4C66-957D-F687F352B7B1}.Release|x64.Build.0 = Release|x64
		{FE3352B6-7D3B-4C66-957D-F687F352B7B1}.Release|x86.ActiveCfg = Release|Win32
		{FE3352B6-7D3B-4C66-957D-F687F352B7B1}.Release|x86.Build.0 = Release|Win32
		{FE3352B6-7D3B-4C66-957D-F687F352B7B1}.Unicode Debug|x64.ActiveCfg = Debug|x64
		{FE3352B6-7D3B-4C66-957D-F687F352B7B1}.Unicode Debug|x64.Build.0 = Debug|x64
		{FE3352B6-7D3B-4C66-957D-F687F352B7B1}.Unicode Debug|x86.ActiveCfg = Debug|Win32
		{FE3352B6-7D3B-4C66-957D-F687F352B7B1}.Unicode Debug|x86.Build.0 = Debug|Win32
		{FE3352B6-7D3B-4C66-957D-F687F352B7B1}.Unicode Release|x64.ActiveCfg = Release|x64
		{FE3352B6-7D3B-4C66-957D-F687F352B7B1}.Unicode Release|x64.Build.0 = Release|x64
		{FE3352B6-7D3B-4C66-957D-F687F352B7B1}.Unicode Release|x86.ActiveCfg = Release|Win32
		{FE3352B6-7D3B-4C66-957D-F687F352B7B1}.Unicode Release|x86.Build.0 = Release|Win32
		{F84B029C-C6D6-44C7-9FD6-66CF3BDA2A4C}.Debug|x64.ActiveCfg = Debug|Win32
		{F84B029C-C6D6-44C7-9FD6-66CF3BDA2A4C}.Debug|x86.ActiveCfg = Debug|Win32
		{F84B029C-C6D6-44C7-9FD6-66CF3BDA2A4C}.Debug|x86.Build.0 = Debug|Win32
		{F84B029C-C6D6-44C7-9FD6-66CF3BDA2A4C}.Release|x64.ActiveCfg = Release|Win32
		{F84B029C-C6D6-44C7-9FD6-66CF3BDA2A4C}.Release|x86.ActiveCfg = Release|Win32
		{F84B029C-C6D6-44C7-9FD6-66CF3BDA2A4C}.Release|x86.Build.0 = Release|Win32
		{F84B029C-C6D6-44C7-9FD6-66CF3BDA2A4C}.Unicode Debug|x64.ActiveCfg = Unicode Debug|Win32
		{F84B029C-C6D6-44C7-9FD6-66CF3BDA2A4C}.Unicode Debug|x86.ActiveCfg = Unicode Debug|Win32
		{F84B029C-C6D6-44C7-9FD6-66CF3BDA2A4C}.Unicode Debug|x86.Build.0 = Unicode Debug|Win32
		{F84B029C-C6D6-44C7-9FD6-66CF3BDA2A4C}.Unicode Release|x64.ActiveCfg = Unicode Release|Win32
		{F84B029C-C6D6-44C7-9FD6-66CF3BDA2A4C}.Unicode Release|x86.ActiveCfg = Unicode Release|Win32
		{F84B029C-C6D6-44C7-9FD6-66CF3BDA2A4C}.Unicode Release|x86.Build.0 = Unicode Release|Win32
	EndGlobalSection
	GlobalSection(SolutionProperties) = preSolution
		HideSolutionNode = FALSE
	EndGlobalSection
	GlobalSection(ExtensibilityGlobals) = postSolution
		SolutionGuid = {47ABF10F-4569-47F8-AE19-ADBD4B830B5F}
	EndGlobalSection
EndGlobal
